// !$*UTF8*$!
{
	archiveVersion = 1;
	classes = {
	};
	objectVersion = 56;
	objects = {

/* Begin PBXBuildFile section */
		02BDD5812A938F8C00B5A40B /* MessagingExerciseApp.swift in Sources */ = {isa = PBXBuildFile; fileRef = 02BDD5802A938F8C00B5A40B /* MessagingExerciseApp.swift */; };
		02BDD5832A938F8C00B5A40B /* ContentView.swift in Sources */ = {isa = PBXBuildFile; fileRef = 02BDD5822A938F8C00B5A40B /* ContentView.swift */; };
		02BDD5852A938F8D00B5A40B /* Assets.xcassets in Resources */ = {isa = PBXBuildFile; fileRef = 02BDD5842A938F8D00B5A40B /* Assets.xcassets */; };
		02BDD5882A938F8D00B5A40B /* Preview Assets.xcassets in Resources */ = {isa = PBXBuildFile; fileRef = 02BDD5872A938F8D00B5A40B /* Preview Assets.xcassets */; };
		02BDD5922A938F8D00B5A40B /* MessagingExerciseTests.swift in Sources */ = {isa = PBXBuildFile; fileRef = 02BDD5912A938F8D00B5A40B /* MessagingExerciseTests.swift */; };
		02BDD59C2A938F8D00B5A40B /* MessagingExerciseUITests.swift in Sources */ = {isa = PBXBuildFile; fileRef = 02BDD59B2A938F8D00B5A40B /* MessagingExerciseUITests.swift */; };
		02BDD59E2A938F8D00B5A40B /* MessagingExerciseUITestsLaunchTests.swift in Sources */ = {isa = PBXBuildFile; fileRef = 02BDD59D2A938F8D00B5A40B /* MessagingExerciseUITestsLaunchTests.swift */; };
/* End PBXBuildFile section */

/* Begin PBXContainerItemProxy section */
		02BDD58E2A938F8D00B5A40B /* PBXContainerItemProxy */ = {
			isa = PBXContainerItemProxy;
			containerPortal = 02BDD5752A938F8C00B5A40B /* Project object */;
			proxyType = 1;
			remoteGlobalIDString = 02BDD57C2A938F8C00B5A40B;
			remoteInfo = MessagingExercise;
		};
		02BDD5982A938F8D00B5A40B /* PBXContainerItemProxy */ = {
			isa = PBXContainerItemProxy;
			containerPortal = 02BDD5752A938F8C00B5A40B /* Project object */;
			proxyType = 1;
			remoteGlobalIDString = 02BDD57C2A938F8C00B5A40B;
			remoteInfo = MessagingExercise;
		};
/* End PBXContainerItemProxy section */

/* Begin PBXFileReference section */
		02BDD57D2A938F8C00B5A40B /* MessagingExercise.app */ = {isa = PBXFileReference; explicitFileType = wrapper.application; includeInIndex = 0; path = MessagingExercise.app; sourceTree = BUILT_PRODUCTS_DIR; };
		02BDD5802A938F8C00B5A40B /* MessagingExerciseApp.swift */ = {isa = PBXFileReference; lastKnownFileType = sourcecode.swift; path = MessagingExerciseApp.swift; sourceTree = "<group>"; };
		02BDD5822A938F8C00B5A40B /* ContentView.swift */ = {isa = PBXFileReference; lastKnownFileType = sourcecode.swift; path = ContentView.swift; sourceTree = "<group>"; };
		02BDD5842A938F8D00B5A40B /* Assets.xcassets */ = {isa = PBXFileReference; lastKnownFileType = folder.assetcatalog; path = Assets.xcassets; sourceTree = "<group>"; };
		02BDD5872A938F8D00B5A40B /* Preview Assets.xcassets */ = {isa = PBXFileReference; lastKnownFileType = folder.assetcatalog; path = "Preview Assets.xcassets"; sourceTree = "<group>"; };
		02BDD58D2A938F8D00B5A40B /* MessagingExerciseTests.xctest */ = {isa = PBXFileReference; explicitFileType = wrapper.cfbundle; includeInIndex = 0; path = MessagingExerciseTests.xctest; sourceTree = BUILT_PRODUCTS_DIR; };
		02BDD5912A938F8D00B5A40B /* MessagingExerciseTests.swift */ = {isa = PBXFileReference; lastKnownFileType = sourcecode.swift; path = MessagingExerciseTests.swift; sourceTree = "<group>"; };
		02BDD5972A938F8D00B5A40B /* MessagingExerciseUITests.xctest */ = {isa = PBXFileReference; explicitFileType = wrapper.cfbundle; includeInIndex = 0; path = MessagingExerciseUITests.xctest; sourceTree = BUILT_PRODUCTS_DIR; };
		02BDD59B2A938F8D00B5A40B /* MessagingExerciseUITests.swift */ = {isa = PBXFileReference; lastKnownFileType = sourcecode.swift; path = MessagingExerciseUITests.swift; sourceTree = "<group>"; };
		02BDD59D2A938F8D00B5A40B /* MessagingExerciseUITestsLaunchTests.swift */ = {isa = PBXFileReference; lastKnownFileType = sourcecode.swift; path = MessagingExerciseUITestsLaunchTests.swift; sourceTree = "<group>"; };
/* End PBXFileReference section */

/* Begin PBXFrameworksBuildPhase section */
		02BDD57A2A938F8C00B5A40B /* Frameworks */ = {
			isa = PBXFrameworksBuildPhase;
			buildActionMask = 2147483647;
			files = (
			);
			runOnlyForDeploymentPostprocessing = 0;
		};
		02BDD58A2A938F8D00B5A40B /* Frameworks */ = {
			isa = PBXFrameworksBuildPhase;
			buildActionMask = 2147483647;
			files = (
			);
			runOnlyForDeploymentPostprocessing = 0;
		};
		02BDD5942A938F8D00B5A40B /* Frameworks */ = {
			isa = PBXFrameworksBuildPhase;
			buildActionMask = 2147483647;
			files = (
			);
			runOnlyForDeploymentPostprocessing = 0;
		};
/* End PBXFrameworksBuildPhase section */

/* Begin PBXGroup section */
		02BDD5742A938F8C00B5A40B = {
			isa = PBXGroup;
			children = (
				02BDD57F2A938F8C00B5A40B /* MessagingExercise */,
				02BDD5902A938F8D00B5A40B /* MessagingExerciseTests */,
				02BDD59A2A938F8D00B5A40B /* MessagingExerciseUITests */,
				02BDD57E2A938F8C00B5A40B /* Products */,
			);
			sourceTree = "<group>";
		};
		02BDD57E2A938F8C00B5A40B /* Products */ = {
			isa = PBXGroup;
			children = (
				02BDD57D2A938F8C00B5A40B /* MessagingExercise.app */,
				02BDD58D2A938F8D00B5A40B /* MessagingExerciseTests.xctest */,
				02BDD5972A938F8D00B5A40B /* MessagingExerciseUITests.xctest */,
			);
			name = Products;
			sourceTree = "<group>";
		};
		02BDD57F2A938F8C00B5A40B /* MessagingExercise */ = {
			isa = PBXGroup;
			children = (
				02BDD5802A938F8C00B5A40B /* MessagingExerciseApp.swift */,
				02BDD5822A938F8C00B5A40B /* ContentView.swift */,
				02BDD5842A938F8D00B5A40B /* Assets.xcassets */,
				02BDD5862A938F8D00B5A40B /* Preview Content */,
			);
			path = MessagingExercise;
			sourceTree = "<group>";
		};
		02BDD5862A938F8D00B5A40B /* Preview Content */ = {
			isa = PBXGroup;
			children = (
				02BDD5872A938F8D00B5A40B /* Preview Assets.xcassets */,
			);
			path = "Preview Content";
			sourceTree = "<group>";
		};
		02BDD5902A938F8D00B5A40B /* MessagingExerciseTests */ = {
			isa = PBXGroup;
			children = (
				02BDD5912A938F8D00B5A40B /* MessagingExerciseTests.swift */,
			);
			path = MessagingExerciseTests;
			sourceTree = "<group>";
		};
		02BDD59A2A938F8D00B5A40B /* MessagingExerciseUITests */ = {
			isa = PBXGroup;
			children = (
				02BDD59B2A938F8D00B5A40B /* MessagingExerciseUITests.swift */,
				02BDD59D2A938F8D00B5A40B /* MessagingExerciseUITestsLaunchTests.swift */,
			);
			path = MessagingExerciseUITests;
			sourceTree = "<group>";
		};
/* End PBXGroup section */

/* Begin PBXNativeTarget section */
		02BDD57C2A938F8C00B5A40B /* MessagingExercise */ = {
			isa = PBXNativeTarget;
			buildConfigurationList = 02BDD5A12A938F8D00B5A40B /* Build configuration list for PBXNativeTarget "MessagingExercise" */;
			buildPhases = (
				02BDD5792A938F8C00B5A40B /* Sources */,
				02BDD57A2A938F8C00B5A40B /* Frameworks */,
				02BDD57B2A938F8C00B5A40B /* Resources */,
			);
			buildRules = (
			);
			dependencies = (
			);
			name = MessagingExercise;
			productName = MessagingExercise;
			productReference = 02BDD57D2A938F8C00B5A40B /* MessagingExercise.app */;
			productType = "com.apple.product-type.application";
		};
		02BDD58C2A938F8D00B5A40B /* MessagingExerciseTests */ = {
			isa = PBXNativeTarget;
			buildConfigurationList = 02BDD5A42A938F8D00B5A40B /* Build configuration list for PBXNativeTarget "MessagingExerciseTests" */;
			buildPhases = (
				02BDD5892A938F8D00B5A40B /* Sources */,
				02BDD58A2A938F8D00B5A40B /* Frameworks */,
				02BDD58B2A938F8D00B5A40B /* Resources */,
			);
			buildRules = (
			);
			dependencies = (
				02BDD58F2A938F8D00B5A40B /* PBXTargetDependency */,
			);
			name = MessagingExerciseTests;
			productName = MessagingExerciseTests;
			productReference = 02BDD58D2A938F8D00B5A40B /* MessagingExerciseTests.xctest */;
			productType = "com.apple.product-type.bundle.unit-test";
		};
		02BDD5962A938F8D00B5A40B /* MessagingExerciseUITests */ = {
			isa = PBXNativeTarget;
			buildConfigurationList = 02BDD5A72A938F8D00B5A40B /* Build configuration list for PBXNativeTarget "MessagingExerciseUITests" */;
			buildPhases = (
				02BDD5932A938F8D00B5A40B /* Sources */,
				02BDD5942A938F8D00B5A40B /* Frameworks */,
				02BDD5952A938F8D00B5A40B /* Resources */,
			);
			buildRules = (
			);
			dependencies = (
				02BDD5992A938F8D00B5A40B /* PBXTargetDependency */,
			);
			name = MessagingExerciseUITests;
			productName = MessagingExerciseUITests;
			productReference = 02BDD5972A938F8D00B5A40B /* MessagingExerciseUITests.xctest */;
			productType = "com.apple.product-type.bundle.ui-testing";
		};
/* End PBXNativeTarget section */

/* Begin PBXProject section */
		02BDD5752A938F8C00B5A40B /* Project object */ = {
			isa = PBXProject;
			attributes = {
				BuildIndependentTargetsInParallel = 1;
				LastSwiftUpdateCheck = 1430;
				LastUpgradeCheck = 1430;
				TargetAttributes = {
					02BDD57C2A938F8C00B5A40B = {
						CreatedOnToolsVersion = 14.3.1;
					};
					02BDD58C2A938F8D00B5A40B = {
						CreatedOnToolsVersion = 14.3.1;
						TestTargetID = 02BDD57C2A938F8C00B5A40B;
					};
					02BDD5962A938F8D00B5A40B = {
						CreatedOnToolsVersion = 14.3.1;
						TestTargetID = 02BDD57C2A938F8C00B5A40B;
					};
				};
			};
			buildConfigurationList = 02BDD5782A938F8C00B5A40B /* Build configuration list for PBXProject "MessagingExercise" */;
			compatibilityVersion = "Xcode 14.0";
			developmentRegion = en;
			hasScannedForEncodings = 0;
			knownRegions = (
				en,
				Base,
			);
			mainGroup = 02BDD5742A938F8C00B5A40B;
			productRefGroup = 02BDD57E2A938F8C00B5A40B /* Products */;
			projectDirPath = "";
			projectRoot = "";
			targets = (
				02BDD57C2A938F8C00B5A40B /* MessagingExercise */,
				02BDD58C2A938F8D00B5A40B /* MessagingExerciseTests */,
				02BDD5962A938F8D00B5A40B /* MessagingExerciseUITests */,
			);
		};
/* End PBXProject section */

/* Begin PBXResourcesBuildPhase section */
		02BDD57B2A938F8C00B5A40B /* Resources */ = {
			isa = PBXResourcesBuildPhase;
			buildActionMask = 2147483647;
			files = (
				02BDD5882A938F8D00B5A40B /* Preview Assets.xcassets in Resources */,
				02BDD5852A938F8D00B5A40B /* Assets.xcassets in Resources */,
			);
			runOnlyForDeploymentPostprocessing = 0;
		};
		02BDD58B2A938F8D00B5A40B /* Resources */ = {
			isa = PBXResourcesBuildPhase;
			buildActionMask = 2147483647;
			files = (
			);
			runOnlyForDeploymentPostprocessing = 0;
		};
		02BDD5952A938F8D00B5A40B /* Resources */ = {
			isa = PBXResourcesBuildPhase;
			buildActionMask = 2147483647;
			files = (
			);
			runOnlyForDeploymentPostprocessing = 0;
		};
/* End PBXResourcesBuildPhase section */

/* Begin PBXSourcesBuildPhase section */
		02BDD5792A938F8C00B5A40B /* Sources */ = {
			isa = PBXSourcesBuildPhase;
			buildActionMask = 2147483647;
			files = (
				02BDD5832A938F8C00B5A40B /* ContentView.swift in Sources */,
				02BDD5812A938F8C00B5A40B /* MessagingExerciseApp.swift in Sources */,
			);
			runOnlyForDeploymentPostprocessing = 0;
		};
		02BDD5892A938F8D00B5A40B /* Sources */ = {
			isa = PBXSourcesBuildPhase;
			buildActionMask = 2147483647;
			files = (
				02BDD5922A938F8D00B5A40B /* MessagingExerciseTests.swift in Sources */,
			);
			runOnlyForDeploymentPostprocessing = 0;
		};
		02BDD5932A938F8D00B5A40B /* Sources */ = {
			isa = PBXSourcesBuildPhase;
			buildActionMask = 2147483647;
			files = (
				02BDD59C2A938F8D00B5A40B /* MessagingExerciseUITests.swift in Sources */,
				02BDD59E2A938F8D00B5A40B /* MessagingExerciseUITestsLaunchTests.swift in Sources */,
			);
			runOnlyForDeploymentPostprocessing = 0;
		};
/* End PBXSourcesBuildPhase section */

/* Begin PBXTargetDependency section */
		02BDD58F2A938F8D00B5A40B /* PBXTargetDependency */ = {
			isa = PBXTargetDependency;
			target = 02BDD57C2A938F8C00B5A40B /* MessagingExercise */;
			targetProxy = 02BDD58E2A938F8D00B5A40B /* PBXContainerItemProxy */;
		};
		02BDD5992A938F8D00B5A40B /* PBXTargetDependency */ = {
			isa = PBXTargetDependency;
			target = 02BDD57C2A938F8C00B5A40B /* MessagingExercise */;
			targetProxy = 02BDD5982A938F8D00B5A40B /* PBXContainerItemProxy */;
		};
/* End PBXTargetDependency section */

/* Begin XCBuildConfiguration section */
		02BDD59F2A938F8D00B5A40B /* Debug */ = {
			isa = XCBuildConfiguration;
			buildSettings = {
				ALWAYS_SEARCH_USER_PATHS = NO;
				CLANG_ANALYZER_NONNULL = YES;
				CLANG_ANALYZER_NUMBER_OBJECT_CONVERSION = YES_AGGRESSIVE;
				CLANG_CXX_LANGUAGE_STANDARD = "gnu++20";
				CLANG_ENABLE_MODULES = YES;
				CLANG_ENABLE_OBJC_ARC = YES;
				CLANG_ENABLE_OBJC_WEAK = YES;
				CLANG_WARN_BLOCK_CAPTURE_AUTORELEASING = YES;
				CLANG_WARN_BOOL_CONVERSION = YES;
				CLANG_WARN_COMMA = YES;
				CLANG_WARN_CONSTANT_CONVERSION = YES;
				CLANG_WARN_DEPRECATED_OBJC_IMPLEMENTATIONS = YES;
				CLANG_WARN_DIRECT_OBJC_ISA_USAGE = YES_ERROR;
				CLANG_WARN_DOCUMENTATION_COMMENTS = YES;
				CLANG_WARN_EMPTY_BODY = YES;
				CLANG_WARN_ENUM_CONVERSION = YES;
				CLANG_WARN_INFINITE_RECURSION = YES;
				CLANG_WARN_INT_CONVERSION = YES;
				CLANG_WARN_NON_LITERAL_NULL_CONVERSION = YES;
				CLANG_WARN_OBJC_IMPLICIT_RETAIN_SELF = YES;
				CLANG_WARN_OBJC_LITERAL_CONVERSION = YES;
				CLANG_WARN_OBJC_ROOT_CLASS = YES_ERROR;
				CLANG_WARN_QUOTED_INCLUDE_IN_FRAMEWORK_HEADER = YES;
				CLANG_WARN_RANGE_LOOP_ANALYSIS = YES;
				CLANG_WARN_STRICT_PROTOTYPES = YES;
				CLANG_WARN_SUSPICIOUS_MOVE = YES;
				CLANG_WARN_UNGUARDED_AVAILABILITY = YES_AGGRESSIVE;
				CLANG_WARN_UNREACHABLE_CODE = YES;
				CLANG_WARN__DUPLICATE_METHOD_MATCH = YES;
				COPY_PHASE_STRIP = NO;
				DEBUG_INFORMATION_FORMAT = dwarf;
				ENABLE_STRICT_OBJC_MSGSEND = YES;
				ENABLE_TESTABILITY = YES;
				GCC_C_LANGUAGE_STANDARD = gnu11;
				GCC_DYNAMIC_NO_PIC = NO;
				GCC_NO_COMMON_BLOCKS = YES;
				GCC_OPTIMIZATION_LEVEL = 0;
				GCC_PREPROCESSOR_DEFINITIONS = (
					"DEBUG=1",
					"$(inherited)",
				);
				GCC_WARN_64_TO_32_BIT_CONVERSION = YES;
				GCC_WARN_ABOUT_RETURN_TYPE = YES_ERROR;
				GCC_WARN_UNDECLARED_SELECTOR = YES;
				GCC_WARN_UNINITIALIZED_AUTOS = YES_AGGRESSIVE;
				GCC_WARN_UNUSED_FUNCTION = YES;
				GCC_WARN_UNUSED_VARIABLE = YES;
				IPHONEOS_DEPLOYMENT_TARGET = 16.4;
				MTL_ENABLE_DEBUG_INFO = INCLUDE_SOURCE;
				MTL_FAST_MATH = YES;
				ONLY_ACTIVE_ARCH = YES;
				SDKROOT = iphoneos;
				SWIFT_ACTIVE_COMPILATION_CONDITIONS = DEBUG;
				SWIFT_OPTIMIZATION_LEVEL = "-Onone";
			};
			name = Debug;
		};
		02BDD5A02A938F8D00B5A40B /* Release */ = {
			isa = XCBuildConfiguration;
			buildSettings = {
				ALWAYS_SEARCH_USER_PATHS = NO;
				CLANG_ANALYZER_NONNULL = YES;
				CLANG_ANALYZER_NUMBER_OBJECT_CONVERSION = YES_AGGRESSIVE;
				CLANG_CXX_LANGUAGE_STANDARD = "gnu++20";
				CLANG_ENABLE_MODULES = YES;
				CLANG_ENABLE_OBJC_ARC = YES;
				CLANG_ENABLE_OBJC_WEAK = YES;
				CLANG_WARN_BLOCK_CAPTURE_AUTORELEASING = YES;
				CLANG_WARN_BOOL_CONVERSION = YES;
				CLANG_WARN_COMMA = YES;
				CLANG_WARN_CONSTANT_CONVERSION = YES;
				CLANG_WARN_DEPRECATED_OBJC_IMPLEMENTATIONS = YES;
				CLANG_WARN_DIRECT_OBJC_ISA_USAGE = YES_ERROR;
				CLANG_WARN_DOCUMENTATION_COMMENTS = YES;
				CLANG_WARN_EMPTY_BODY = YES;
				CLANG_WARN_ENUM_CONVERSION = YES;
				CLANG_WARN_INFINITE_RECURSION = YES;
				CLANG_WARN_INT_CONVERSION = YES;
				CLANG_WARN_NON_LITERAL_NULL_CONVERSION = YES;
				CLANG_WARN_OBJC_IMPLICIT_RETAIN_SELF = YES;
				CLANG_WARN_OBJC_LITERAL_CONVERSION = YES;
				CLANG_WARN_OBJC_ROOT_CLASS = YES_ERROR;
				CLANG_WARN_QUOTED_INCLUDE_IN_FRAMEWORK_HEADER = YES;
				CLANG_WARN_RANGE_LOOP_ANALYSIS = YES;
				CLANG_WARN_STRICT_PROTOTYPES = YES;
				CLANG_WARN_SUSPICIOUS_MOVE = YES;
				CLANG_WARN_UNGUARDED_AVAILABILITY = YES_AGGRESSIVE;
				CLANG_WARN_UNREACHABLE_CODE = YES;
				CLANG_WARN__DUPLICATE_METHOD_MATCH = YES;
				COPY_PHASE_STRIP = NO;
				DEBUG_INFORMATION_FORMAT = "dwarf-with-dsym";
				ENABLE_NS_ASSERTIONS = NO;
				ENABLE_STRICT_OBJC_MSGSEND = YES;
				GCC_C_LANGUAGE_STANDARD = gnu11;
				GCC_NO_COMMON_BLOCKS = YES;
				GCC_WARN_64_TO_32_BIT_CONVERSION = YES;
				GCC_WARN_ABOUT_RETURN_TYPE = YES_ERROR;
				GCC_WARN_UNDECLARED_SELECTOR = YES;
				GCC_WARN_UNINITIALIZED_AUTOS = YES_AGGRESSIVE;
				GCC_WARN_UNUSED_FUNCTION = YES;
				GCC_WARN_UNUSED_VARIABLE = YES;
				IPHONEOS_DEPLOYMENT_TARGET = 16.4;
				MTL_ENABLE_DEBUG_INFO = NO;
				MTL_FAST_MATH = YES;
				SDKROOT = iphoneos;
				SWIFT_COMPILATION_MODE = wholemodule;
				SWIFT_OPTIMIZATION_LEVEL = "-O";
				VALIDATE_PRODUCT = YES;
			};
			name = Release;
		};
		02BDD5A22A938F8D00B5A40B /* Debug */ = {
			isa = XCBuildConfiguration;
			buildSettings = {
				ASSETCATALOG_COMPILER_APPICON_NAME = AppIcon;
				ASSETCATALOG_COMPILER_GLOBAL_ACCENT_COLOR_NAME = AccentColor;
				CODE_SIGN_STYLE = Automatic;
				CURRENT_PROJECT_VERSION = 1;
				DEVELOPMENT_ASSET_PATHS = "\"MessagingExercise/Preview Content\"";
				ENABLE_PREVIEWS = YES;
				GENERATE_INFOPLIST_FILE = YES;
				INFOPLIST_KEY_UIApplicationSceneManifest_Generation = YES;
				INFOPLIST_KEY_UIApplicationSupportsIndirectInputEvents = YES;
				INFOPLIST_KEY_UILaunchScreen_Generation = YES;
				INFOPLIST_KEY_UISupportedInterfaceOrientations_iPad = "UIInterfaceOrientationPortrait UIInterfaceOrientationPortraitUpsideDown UIInterfaceOrientationLandscapeLeft UIInterfaceOrientationLandscapeRight";
				INFOPLIST_KEY_UISupportedInterfaceOrientations_iPhone = "UIInterfaceOrientationPortrait UIInterfaceOrientationLandscapeLeft UIInterfaceOrientationLandscapeRight";
				LD_RUNPATH_SEARCH_PATHS = (
					"$(inherited)",
					"@executable_path/Frameworks",
				);
				MARKETING_VERSION = 1.0;
				PRODUCT_BUNDLE_IDENTIFIER = com.quinnium.MessagingExercise;
				PRODUCT_NAME = "$(TARGET_NAME)";
				SWIFT_EMIT_LOC_STRINGS = YES;
				SWIFT_VERSION = 5.0;
				TARGETED_DEVICE_FAMILY = "1,2";
			};
			name = Debug;
		};
		02BDD5A32A938F8D00B5A40B /* Release */ = {
			isa = XCBuildConfiguration;
			buildSettings = {
				ASSETCATALOG_COMPILER_APPICON_NAME = AppIcon;
				ASSETCATALOG_COMPILER_GLOBAL_ACCENT_COLOR_NAME = AccentColor;
				CODE_SIGN_STYLE = Automatic;
				CURRENT_PROJECT_VERSION = 1;
				DEVELOPMENT_ASSET_PATHS = "\"MessagingExercise/Preview Content\"";
				ENABLE_PREVIEWS = YES;
				GENERATE_INFOPLIST_FILE = YES;
				INFOPLIST_KEY_UIApplicationSceneManifest_Generation = YES;
				INFOPLIST_KEY_UIApplicationSupportsIndirectInputEvents = YES;
				INFOPLIST_KEY_UILaunchScreen_Generation = YES;
				INFOPLIST_KEY_UISupportedInterfaceOrientations_iPad = "UIInterfaceOrientationPortrait UIInterfaceOrientationPortraitUpsideDown UIInterfaceOrientationLandscapeLeft UIInterfaceOrientationLandscapeRight";
				INFOPLIST_KEY_UISupportedInterfaceOrientations_iPhone = "UIInterfaceOrientationPortrait UIInterfaceOrientationLandscapeLeft UIInterfaceOrientationLandscapeRight";
				LD_RUNPATH_SEARCH_PATHS = (
					"$(inherited)",
					"@executable_path/Frameworks",
				);
				MARKETING_VERSION = 1.0;
				PRODUCT_BUNDLE_IDENTIFIER = com.quinnium.MessagingExercise;
				PRODUCT_NAME = "$(TARGET_NAME)";
				SWIFT_EMIT_LOC_STRINGS = YES;
				SWIFT_VERSION = 5.0;
				TARGETED_DEVICE_FAMILY = "1,2";
			};
			name = Release;
		};
		02BDD5A52A938F8D00B5A40B /* Debug */ = {
			isa = XCBuildConfiguration;
			buildSettings = {
				ALWAYS_EMBED_SWIFT_STANDARD_LIBRARIES = YES;
				BUNDLE_LOADER = "$(TEST_HOST)";
				CODE_SIGN_STYLE = Automatic;
				CURRENT_PROJECT_VERSION = 1;
				GENERATE_INFOPLIST_FILE = YES;
				IPHONEOS_DEPLOYMENT_TARGET = 16.4;
				MARKETING_VERSION = 1.0;
				PRODUCT_BUNDLE_IDENTIFIER = com.quinnium.MessagingExerciseTests;
				PRODUCT_NAME = "$(TARGET_NAME)";
				SWIFT_EMIT_LOC_STRINGS = NO;
				SWIFT_VERSION = 5.0;
				TARGETED_DEVICE_FAMILY = "1,2";
				TEST_HOST = "$(BUILT_PRODUCTS_DIR)/MessagingExercise.app/$(BUNDLE_EXECUTABLE_FOLDER_PATH)/MessagingExercise";
			};
			name = Debug;
		};
		02BDD5A62A938F8D00B5A40B /* Release */ = {
			isa = XCBuildConfiguration;
			buildSettings = {
				ALWAYS_EMBED_SWIFT_STANDARD_LIBRARIES = YES;
				BUNDLE_LOADER = "$(TEST_HOST)";
				CODE_SIGN_STYLE = Automatic;
				CURRENT_PROJECT_VERSION = 1;
				GENERATE_INFOPLIST_FILE = YES;
				IPHONEOS_DEPLOYMENT_TARGET = 16.4;
				MARKETING_VERSION = 1.0;
				PRODUCT_BUNDLE_IDENTIFIER = com.quinnium.MessagingExerciseTests;
				PRODUCT_NAME = "$(TARGET_NAME)";
				SWIFT_EMIT_LOC_STRINGS = NO;
				SWIFT_VERSION = 5.0;
				TARGETED_DEVICE_FAMILY = "1,2";
				TEST_HOST = "$(BUILT_PRODUCTS_DIR)/MessagingExercise.app/$(BUNDLE_EXECUTABLE_FOLDER_PATH)/MessagingExercise";
			};
			name = Release;
		};
		02BDD5A82A938F8D00B5A40B /* Debug */ = {
			isa = XCBuildConfiguration;
			buildSettings = {
				ALWAYS_EMBED_SWIFT_STANDARD_LIBRARIES = YES;
				CODE_SIGN_STYLE = Automatic;
				CURRENT_PROJECT_VERSION = 1;
				GENERATE_INFOPLIST_FILE = YES;
				MARKETING_VERSION = 1.0;
				PRODUCT_BUNDLE_IDENTIFIER = com.quinnium.MessagingExerciseUITests;
				PRODUCT_NAME = "$(TARGET_NAME)";
				SWIFT_EMIT_LOC_STRINGS = NO;
				SWIFT_VERSION = 5.0;
				TARGETED_DEVICE_FAMILY = "1,2";
				TEST_TARGET_NAME = MessagingExercise;
			};
			name = Debug;
		};
		02BDD5A92A938F8D00B5A40B /* Release */ = {
			isa = XCBuildConfiguration;
			buildSettings = {
				ALWAYS_EMBED_SWIFT_STANDARD_LIBRARIES = YES;
				CODE_SIGN_STYLE = Automatic;
				CURRENT_PROJECT_VERSION = 1;
				GENERATE_INFOPLIST_FILE = YES;
				MARKETING_VERSION = 1.0;
				PRODUCT_BUNDLE_IDENTIFIER = com.quinnium.MessagingExerciseUITests;
				PRODUCT_NAME = "$(TARGET_NAME)";
				SWIFT_EMIT_LOC_STRINGS = NO;
				SWIFT_VERSION = 5.0;
				TARGETED_DEVICE_FAMILY = "1,2";
				TEST_TARGET_NAME = MessagingExercise;
			};
			name = Release;
		};
/* End XCBuildConfiguration section */

/* Begin XCConfigurationList section */
		02BDD5782A938F8C00B5A40B /* Build configuration list for PBXProject "MessagingExercise" */ = {
			isa = XCConfigurationList;
			buildConfigurations = (
				02BDD59F2A938F8D00B5A40B /* Debug */,
				02BDD5A02A938F8D00B5A40B /* Release */,
			);
			defaultConfigurationIsVisible = 0;
			defaultConfigurationName = Release;
		};
		02BDD5A12A938F8D00B5A40B /* Build configuration list for PBXNativeTarget "MessagingExercise" */ = {
			isa = XCConfigurationList;
			buildConfigurations = (
				02BDD5A22A938F8D00B5A40B /* Debug */,
				02BDD5A32A938F8D00B5A40B /* Release */,
			);
			defaultConfigurationIsVisible = 0;
			defaultConfigurationName = Release;
		};
		02BDD5A42A938F8D00B5A40B /* Build configuration list for PBXNativeTarget "MessagingExerciseTests" */ = {
			isa = XCConfigurationList;
			buildConfigurations = (
				02BDD5A52A938F8D00B5A40B /* Debug */,
				02BDD5A62A938F8D00B5A40B /* Release */,
			);
			defaultConfigurationIsVisible = 0;
			defaultConfigurationName = Release;
		};
		02BDD5A72A938F8D00B5A40B /* Build configuration list for PBXNativeTarget "MessagingExerciseUITests" */ = {
			isa = XCConfigurationList;
			buildConfigurations = (
				02BDD5A82A938F8D00B5A40B /* Debug */,
				02BDD5A92A938F8D00B5A40B /* Release */,
			);
			defaultConfigurationIsVisible = 0;
			defaultConfigurationName = Release;
		};
/* End XCConfigurationList section */
	};
	rootObject = 02BDD5752A938F8C00B5A40B /* Project object */;
}
