// !$*UTF8*$!
{
	archiveVersion = 1;
	classes = {
	};
	objectVersion = 56;
	objects = {

/* Begin PBXBuildFile section */
		028A0DF62A93945000116857 /* MessagingView.swift in Sources */ = {isa = PBXBuildFile; fileRef = 028A0DF52A93945000116857 /* MessagingView.swift */; };
		028A0DF82A93949300116857 /* Profile.swift in Sources */ = {isa = PBXBuildFile; fileRef = 028A0DF72A93949300116857 /* Profile.swift */; };
		028A0DFA2A9394AD00116857 /* Message.swift in Sources */ = {isa = PBXBuildFile; fileRef = 028A0DF92A9394AD00116857 /* Message.swift */; };
		028A0DFD2A9397E500116857 /* MockingService.swift in Sources */ = {isa = PBXBuildFile; fileRef = 028A0DFC2A9397E500116857 /* MockingService.swift */; };
		028A0DFF2A93985A00116857 /* DatabaseManager.swift in Sources */ = {isa = PBXBuildFile; fileRef = 028A0DFE2A93985A00116857 /* DatabaseManager.swift */; };
		028A0E012A93BF8F00116857 /* LandingView.swift in Sources */ = {isa = PBXBuildFile; fileRef = 028A0E002A93BF8F00116857 /* LandingView.swift */; };
		028A0E032A93BF9C00116857 /* LandingViewModel.swift in Sources */ = {isa = PBXBuildFile; fileRef = 028A0E022A93BF9C00116857 /* LandingViewModel.swift */; };
		028A0E062A93C57B00116857 /* MEButton.swift in Sources */ = {isa = PBXBuildFile; fileRef = 028A0E052A93C57B00116857 /* MEButton.swift */; };
		028BB9D12A94B6EA00E46C79 /* Color+Ext.swift in Sources */ = {isa = PBXBuildFile; fileRef = 028BB9D02A94B6EA00E46C79 /* Color+Ext.swift */; };
		028BB9D42A94CB5B00E46C79 /* SectionSelectionView.swift in Sources */ = {isa = PBXBuildFile; fileRef = 028BB9D32A94CB5B00E46C79 /* SectionSelectionView.swift */; };
		028BB9D92A94E5B700E46C79 /* ChatView.swift in Sources */ = {isa = PBXBuildFile; fileRef = 028BB9D82A94E5B700E46C79 /* ChatView.swift */; };
		028BB9DB2A94E5C100E46C79 /* ChatViewModel.swift in Sources */ = {isa = PBXBuildFile; fileRef = 028BB9DA2A94E5C100E46C79 /* ChatViewModel.swift */; };
		029218E72A9ABA3300B0F355 /* RealmSwift in Frameworks */ = {isa = PBXBuildFile; productRef = 029218E62A9ABA3300B0F355 /* RealmSwift */; };
		029218E92A9AC02000B0F355 /* DatabaseManagerTests.swift in Sources */ = {isa = PBXBuildFile; fileRef = 029218E82A9AC02000B0F355 /* DatabaseManagerTests.swift */; };
		02BDD5812A938F8C00B5A40B /* MessagingExerciseApp.swift in Sources */ = {isa = PBXBuildFile; fileRef = 02BDD5802A938F8C00B5A40B /* MessagingExerciseApp.swift */; };
		02BDD5852A938F8D00B5A40B /* Assets.xcassets in Resources */ = {isa = PBXBuildFile; fileRef = 02BDD5842A938F8D00B5A40B /* Assets.xcassets */; };
		02BDD5882A938F8D00B5A40B /* Preview Assets.xcassets in Resources */ = {isa = PBXBuildFile; fileRef = 02BDD5872A938F8D00B5A40B /* Preview Assets.xcassets */; };
		02BDD5922A938F8D00B5A40B /* StringExtensionTests.swift in Sources */ = {isa = PBXBuildFile; fileRef = 02BDD5912A938F8D00B5A40B /* StringExtensionTests.swift */; };
		02BDD5AC2A9392D500B5A40B /* Realm in Frameworks */ = {isa = PBXBuildFile; productRef = 02BDD5AB2A9392D500B5A40B /* Realm */; };
		02BDD5AE2A9392D500B5A40B /* RealmSwift in Frameworks */ = {isa = PBXBuildFile; productRef = 02BDD5AD2A9392D500B5A40B /* RealmSwift */; };
		02FD8D982A94F5040067791C /* ChatMessageView.swift in Sources */ = {isa = PBXBuildFile; fileRef = 02FD8D972A94F5040067791C /* ChatMessageView.swift */; };
		02FD8D9B2A94F57F0067791C /* ChatMessageViewModel.swift in Sources */ = {isa = PBXBuildFile; fileRef = 02FD8D9A2A94F57F0067791C /* ChatMessageViewModel.swift */; };
		02FD8D9D2A94FDBA0067791C /* String+Ext.swift in Sources */ = {isa = PBXBuildFile; fileRef = 02FD8D9C2A94FDBA0067791C /* String+Ext.swift */; };
		02FD8DA02A94FF680067791C /* Constants.swift in Sources */ = {isa = PBXBuildFile; fileRef = 02FD8D9F2A94FF680067791C /* Constants.swift */; };
		02FD8DA22A94FFF80067791C /* View+Ext.swift in Sources */ = {isa = PBXBuildFile; fileRef = 02FD8DA12A94FFF80067791C /* View+Ext.swift */; };
		9C323BE22A9A6DFD00F79E43 /* ComposeMessageView.swift in Sources */ = {isa = PBXBuildFile; fileRef = 9C323BE12A9A6DFD00F79E43 /* ComposeMessageView.swift */; };
		9C323BE42A9A6E1100F79E43 /* ComposeMessageViewModel.swift in Sources */ = {isa = PBXBuildFile; fileRef = 9C323BE32A9A6E1100F79E43 /* ComposeMessageViewModel.swift */; };
		9C323BE72A9A7AF800F79E43 /* ProfileViewModel.swift in Sources */ = {isa = PBXBuildFile; fileRef = 9C323BE62A9A7AF800F79E43 /* ProfileViewModel.swift */; };
		9C323BE92A9A7B3B00F79E43 /* ProfileView.swift in Sources */ = {isa = PBXBuildFile; fileRef = 9C323BE82A9A7B3B00F79E43 /* ProfileView.swift */; };
		9C60B9532A93EBCE00C76A37 /* MessagingViewModel.swift in Sources */ = {isa = PBXBuildFile; fileRef = 9C60B9522A93EBCE00C76A37 /* MessagingViewModel.swift */; };
		9C60B9572A93F7B600C76A37 /* MessagingHeaderView.swift in Sources */ = {isa = PBXBuildFile; fileRef = 9C60B9562A93F7B600C76A37 /* MessagingHeaderView.swift */; };
		9C60B9592A93F7F600C76A37 /* MessagingHeaderViewModel.swift in Sources */ = {isa = PBXBuildFile; fileRef = 9C60B9582A93F7F600C76A37 /* MessagingHeaderViewModel.swift */; };
		9C60B95C2A93F9F600C76A37 /* ProfileImageView.swift in Sources */ = {isa = PBXBuildFile; fileRef = 9C60B95B2A93F9F600C76A37 /* ProfileImageView.swift */; };
/* End PBXBuildFile section */

/* Begin PBXContainerItemProxy section */
		02BDD58E2A938F8D00B5A40B /* PBXContainerItemProxy */ = {
			isa = PBXContainerItemProxy;
			containerPortal = 02BDD5752A938F8C00B5A40B /* Project object */;
			proxyType = 1;
			remoteGlobalIDString = 02BDD57C2A938F8C00B5A40B;
			remoteInfo = MessagingExercise;
		};
/* End PBXContainerItemProxy section */

/* Begin PBXFileReference section */
		028A0DF52A93945000116857 /* MessagingView.swift */ = {isa = PBXFileReference; lastKnownFileType = sourcecode.swift; path = MessagingView.swift; sourceTree = "<group>"; };
		028A0DF72A93949300116857 /* Profile.swift */ = {isa = PBXFileReference; lastKnownFileType = sourcecode.swift; path = Profile.swift; sourceTree = "<group>"; };
		028A0DF92A9394AD00116857 /* Message.swift */ = {isa = PBXFileReference; lastKnownFileType = sourcecode.swift; path = Message.swift; sourceTree = "<group>"; };
		028A0DFC2A9397E500116857 /* MockingService.swift */ = {isa = PBXFileReference; lastKnownFileType = sourcecode.swift; path = MockingService.swift; sourceTree = "<group>"; };
		028A0DFE2A93985A00116857 /* DatabaseManager.swift */ = {isa = PBXFileReference; lastKnownFileType = sourcecode.swift; path = DatabaseManager.swift; sourceTree = "<group>"; };
		028A0E002A93BF8F00116857 /* LandingView.swift */ = {isa = PBXFileReference; lastKnownFileType = sourcecode.swift; path = LandingView.swift; sourceTree = "<group>"; };
		028A0E022A93BF9C00116857 /* LandingViewModel.swift */ = {isa = PBXFileReference; lastKnownFileType = sourcecode.swift; path = LandingViewModel.swift; sourceTree = "<group>"; };
		028A0E052A93C57B00116857 /* MEButton.swift */ = {isa = PBXFileReference; lastKnownFileType = sourcecode.swift; path = MEButton.swift; sourceTree = "<group>"; };
		028BB9D02A94B6EA00E46C79 /* Color+Ext.swift */ = {isa = PBXFileReference; lastKnownFileType = sourcecode.swift; path = "Color+Ext.swift"; sourceTree = "<group>"; };
		028BB9D32A94CB5B00E46C79 /* SectionSelectionView.swift */ = {isa = PBXFileReference; lastKnownFileType = sourcecode.swift; path = SectionSelectionView.swift; sourceTree = "<group>"; };
		028BB9D82A94E5B700E46C79 /* ChatView.swift */ = {isa = PBXFileReference; lastKnownFileType = sourcecode.swift; path = ChatView.swift; sourceTree = "<group>"; };
		028BB9DA2A94E5C100E46C79 /* ChatViewModel.swift */ = {isa = PBXFileReference; lastKnownFileType = sourcecode.swift; path = ChatViewModel.swift; sourceTree = "<group>"; };
		029218E82A9AC02000B0F355 /* DatabaseManagerTests.swift */ = {isa = PBXFileReference; lastKnownFileType = sourcecode.swift; path = DatabaseManagerTests.swift; sourceTree = "<group>"; };
		02BDD57D2A938F8C00B5A40B /* MessagingExercise.app */ = {isa = PBXFileReference; explicitFileType = wrapper.application; includeInIndex = 0; path = MessagingExercise.app; sourceTree = BUILT_PRODUCTS_DIR; };
		02BDD5802A938F8C00B5A40B /* MessagingExerciseApp.swift */ = {isa = PBXFileReference; lastKnownFileType = sourcecode.swift; path = MessagingExerciseApp.swift; sourceTree = "<group>"; };
		02BDD5842A938F8D00B5A40B /* Assets.xcassets */ = {isa = PBXFileReference; lastKnownFileType = folder.assetcatalog; path = Assets.xcassets; sourceTree = "<group>"; };
		02BDD5872A938F8D00B5A40B /* Preview Assets.xcassets */ = {isa = PBXFileReference; lastKnownFileType = folder.assetcatalog; path = "Preview Assets.xcassets"; sourceTree = "<group>"; };
		02BDD58D2A938F8D00B5A40B /* MessagingExerciseTests.xctest */ = {isa = PBXFileReference; explicitFileType = wrapper.cfbundle; includeInIndex = 0; path = MessagingExerciseTests.xctest; sourceTree = BUILT_PRODUCTS_DIR; };
		02BDD5912A938F8D00B5A40B /* StringExtensionTests.swift */ = {isa = PBXFileReference; lastKnownFileType = sourcecode.swift; path = StringExtensionTests.swift; sourceTree = "<group>"; };
		02FD8D972A94F5040067791C /* ChatMessageView.swift */ = {isa = PBXFileReference; lastKnownFileType = sourcecode.swift; path = ChatMessageView.swift; sourceTree = "<group>"; };
		02FD8D9A2A94F57F0067791C /* ChatMessageViewModel.swift */ = {isa = PBXFileReference; lastKnownFileType = sourcecode.swift; path = ChatMessageViewModel.swift; sourceTree = "<group>"; };
		02FD8D9C2A94FDBA0067791C /* String+Ext.swift */ = {isa = PBXFileReference; lastKnownFileType = sourcecode.swift; path = "String+Ext.swift"; sourceTree = "<group>"; };
		02FD8D9F2A94FF680067791C /* Constants.swift */ = {isa = PBXFileReference; lastKnownFileType = sourcecode.swift; path = Constants.swift; sourceTree = "<group>"; };
		02FD8DA12A94FFF80067791C /* View+Ext.swift */ = {isa = PBXFileReference; lastKnownFileType = sourcecode.swift; path = "View+Ext.swift"; sourceTree = "<group>"; };
		9C323BE12A9A6DFD00F79E43 /* ComposeMessageView.swift */ = {isa = PBXFileReference; lastKnownFileType = sourcecode.swift; path = ComposeMessageView.swift; sourceTree = "<group>"; };
		9C323BE32A9A6E1100F79E43 /* ComposeMessageViewModel.swift */ = {isa = PBXFileReference; lastKnownFileType = sourcecode.swift; path = ComposeMessageViewModel.swift; sourceTree = "<group>"; };
		9C323BE62A9A7AF800F79E43 /* ProfileViewModel.swift */ = {isa = PBXFileReference; lastKnownFileType = sourcecode.swift; path = ProfileViewModel.swift; sourceTree = "<group>"; };
		9C323BE82A9A7B3B00F79E43 /* ProfileView.swift */ = {isa = PBXFileReference; lastKnownFileType = sourcecode.swift; path = ProfileView.swift; sourceTree = "<group>"; };
		9C60B9522A93EBCE00C76A37 /* MessagingViewModel.swift */ = {isa = PBXFileReference; lastKnownFileType = sourcecode.swift; path = MessagingViewModel.swift; sourceTree = "<group>"; };
		9C60B9562A93F7B600C76A37 /* MessagingHeaderView.swift */ = {isa = PBXFileReference; lastKnownFileType = sourcecode.swift; path = MessagingHeaderView.swift; sourceTree = "<group>"; };
		9C60B9582A93F7F600C76A37 /* MessagingHeaderViewModel.swift */ = {isa = PBXFileReference; lastKnownFileType = sourcecode.swift; path = MessagingHeaderViewModel.swift; sourceTree = "<group>"; };
		9C60B95B2A93F9F600C76A37 /* ProfileImageView.swift */ = {isa = PBXFileReference; lastKnownFileType = sourcecode.swift; path = ProfileImageView.swift; sourceTree = "<group>"; };
/* End PBXFileReference section */

/* Begin PBXFrameworksBuildPhase section */
		02BDD57A2A938F8C00B5A40B /* Frameworks */ = {
			isa = PBXFrameworksBuildPhase;
			buildActionMask = 2147483647;
			files = (
				02BDD5AE2A9392D500B5A40B /* RealmSwift in Frameworks */,
				02BDD5AC2A9392D500B5A40B /* Realm in Frameworks */,
			);
			runOnlyForDeploymentPostprocessing = 0;
		};
		02BDD58A2A938F8D00B5A40B /* Frameworks */ = {
			isa = PBXFrameworksBuildPhase;
			buildActionMask = 2147483647;
			files = (
				029218E72A9ABA3300B0F355 /* RealmSwift in Frameworks */,
			);
			runOnlyForDeploymentPostprocessing = 0;
		};
/* End PBXFrameworksBuildPhase section */

/* Begin PBXGroup section */
		028A0DF12A93934C00116857 /* Model */ = {
			isa = PBXGroup;
			children = (
				028A0DF72A93949300116857 /* Profile.swift */,
				028A0DF92A9394AD00116857 /* Message.swift */,
				028A0DFE2A93985A00116857 /* DatabaseManager.swift */,
			);
			path = Model;
			sourceTree = "<group>";
		};
		028A0DF22A93935200116857 /* Views */ = {
			isa = PBXGroup;
			children = (
				028A0E042A93C56500116857 /* Custom Views */,
				028A0DF32A93937800116857 /* Landing Screen */,
				028A0DF42A93938600116857 /* Messaging Screen */,
			);
			path = Views;
			sourceTree = "<group>";
		};
		028A0DF32A93937800116857 /* Landing Screen */ = {
			isa = PBXGroup;
			children = (
				028A0E002A93BF8F00116857 /* LandingView.swift */,
				028A0E022A93BF9C00116857 /* LandingViewModel.swift */,
			);
			path = "Landing Screen";
			sourceTree = "<group>";
		};
		028A0DF42A93938600116857 /* Messaging Screen */ = {
			isa = PBXGroup;
			children = (
				028A0DF52A93945000116857 /* MessagingView.swift */,
				9C60B9522A93EBCE00C76A37 /* MessagingViewModel.swift */,
				9C60B95A2A93F81600C76A37 /* Header View */,
				028BB9D22A94CA6900E46C79 /* SectionSelection View */,
				028BB9D72A94E58E00E46C79 /* Chat View */,
				9C323BE02A9A6DDA00F79E43 /* ComposeMessage View */,
				9C323BE52A9A7ADC00F79E43 /* Profile View */,
			);
			path = "Messaging Screen";
			sourceTree = "<group>";
		};
		028A0DFB2A9397CF00116857 /* Mocking */ = {
			isa = PBXGroup;
			children = (
				028A0DFC2A9397E500116857 /* MockingService.swift */,
			);
			path = Mocking;
			sourceTree = "<group>";
		};
		028A0E042A93C56500116857 /* Custom Views */ = {
			isa = PBXGroup;
			children = (
				028A0E052A93C57B00116857 /* MEButton.swift */,
				9C60B95B2A93F9F600C76A37 /* ProfileImageView.swift */,
			);
			path = "Custom Views";
			sourceTree = "<group>";
		};
		028BB9CF2A94B5FC00E46C79 /* Extensions */ = {
			isa = PBXGroup;
			children = (
				028BB9D02A94B6EA00E46C79 /* Color+Ext.swift */,
				02FD8D9C2A94FDBA0067791C /* String+Ext.swift */,
				02FD8DA12A94FFF80067791C /* View+Ext.swift */,
			);
			path = Extensions;
			sourceTree = "<group>";
		};
		028BB9D22A94CA6900E46C79 /* SectionSelection View */ = {
			isa = PBXGroup;
			children = (
				028BB9D32A94CB5B00E46C79 /* SectionSelectionView.swift */,
			);
			path = "SectionSelection View";
			sourceTree = "<group>";
		};
		028BB9D72A94E58E00E46C79 /* Chat View */ = {
			isa = PBXGroup;
			children = (
				028BB9D82A94E5B700E46C79 /* ChatView.swift */,
				028BB9DA2A94E5C100E46C79 /* ChatViewModel.swift */,
				02FD8D992A94F55D0067791C /* ChatMessage View */,
			);
			path = "Chat View";
			sourceTree = "<group>";
		};
		029218E52A9ABA3300B0F355 /* Frameworks */ = {
			isa = PBXGroup;
			children = (
			);
			name = Frameworks;
			sourceTree = "<group>";
		};
		02BDD5742A938F8C00B5A40B = {
			isa = PBXGroup;
			children = (
				02BDD57F2A938F8C00B5A40B /* MessagingExercise */,
				02BDD5902A938F8D00B5A40B /* MessagingExerciseTests */,
				02BDD57E2A938F8C00B5A40B /* Products */,
				029218E52A9ABA3300B0F355 /* Frameworks */,
			);
			sourceTree = "<group>";
		};
		02BDD57E2A938F8C00B5A40B /* Products */ = {
			isa = PBXGroup;
			children = (
				02BDD57D2A938F8C00B5A40B /* MessagingExercise.app */,
				02BDD58D2A938F8D00B5A40B /* MessagingExerciseTests.xctest */,
			);
			name = Products;
			sourceTree = "<group>";
		};
		02BDD57F2A938F8C00B5A40B /* MessagingExercise */ = {
			isa = PBXGroup;
			children = (
				02BDD5802A938F8C00B5A40B /* MessagingExerciseApp.swift */,
				028BB9CF2A94B5FC00E46C79 /* Extensions */,
				028A0DF12A93934C00116857 /* Model */,
				02FD8D9E2A94FF590067791C /* Utilities */,
				028A0DFB2A9397CF00116857 /* Mocking */,
				028A0DF22A93935200116857 /* Views */,
				02BDD5842A938F8D00B5A40B /* Assets.xcassets */,
				02BDD5862A938F8D00B5A40B /* Preview Content */,
			);
			path = MessagingExercise;
			sourceTree = "<group>";
		};
		02BDD5862A938F8D00B5A40B /* Preview Content */ = {
			isa = PBXGroup;
			children = (
				02BDD5872A938F8D00B5A40B /* Preview Assets.xcassets */,
			);
			path = "Preview Content";
			sourceTree = "<group>";
		};
		02BDD5902A938F8D00B5A40B /* MessagingExerciseTests */ = {
			isa = PBXGroup;
			children = (
				02BDD5912A938F8D00B5A40B /* StringExtensionTests.swift */,
				029218E82A9AC02000B0F355 /* DatabaseManagerTests.swift */,
			);
			path = MessagingExerciseTests;
			sourceTree = "<group>";
		};
		02FD8D992A94F55D0067791C /* ChatMessage View */ = {
			isa = PBXGroup;
			children = (
				02FD8D972A94F5040067791C /* ChatMessageView.swift */,
				02FD8D9A2A94F57F0067791C /* ChatMessageViewModel.swift */,
			);
			path = "ChatMessage View";
			sourceTree = "<group>";
		};
		02FD8D9E2A94FF590067791C /* Utilities */ = {
			isa = PBXGroup;
			children = (
				02FD8D9F2A94FF680067791C /* Constants.swift */,
			);
			path = Utilities;
			sourceTree = "<group>";
		};
		9C323BE02A9A6DDA00F79E43 /* ComposeMessage View */ = {
			isa = PBXGroup;
			children = (
				9C323BE12A9A6DFD00F79E43 /* ComposeMessageView.swift */,
				9C323BE32A9A6E1100F79E43 /* ComposeMessageViewModel.swift */,
			);
			path = "ComposeMessage View";
			sourceTree = "<group>";
		};
		9C323BE52A9A7ADC00F79E43 /* Profile View */ = {
			isa = PBXGroup;
			children = (
				9C323BE82A9A7B3B00F79E43 /* ProfileView.swift */,
				9C323BE62A9A7AF800F79E43 /* ProfileViewModel.swift */,
			);
			path = "Profile View";
			sourceTree = "<group>";
		};
		9C60B95A2A93F81600C76A37 /* Header View */ = {
			isa = PBXGroup;
			children = (
				9C60B9562A93F7B600C76A37 /* MessagingHeaderView.swift */,
				9C60B9582A93F7F600C76A37 /* MessagingHeaderViewModel.swift */,
			);
			path = "Header View";
			sourceTree = "<group>";
		};
/* End PBXGroup section */

/* Begin PBXNativeTarget section */
		02BDD57C2A938F8C00B5A40B /* MessagingExercise */ = {
			isa = PBXNativeTarget;
			buildConfigurationList = 02BDD5A12A938F8D00B5A40B /* Build configuration list for PBXNativeTarget "MessagingExercise" */;
			buildPhases = (
				02BDD5792A938F8C00B5A40B /* Sources */,
				02BDD57A2A938F8C00B5A40B /* Frameworks */,
				02BDD57B2A938F8C00B5A40B /* Resources */,
			);
			buildRules = (
			);
			dependencies = (
			);
			name = MessagingExercise;
			packageProductDependencies = (
				02BDD5AB2A9392D500B5A40B /* Realm */,
				02BDD5AD2A9392D500B5A40B /* RealmSwift */,
			);
			productName = MessagingExercise;
			productReference = 02BDD57D2A938F8C00B5A40B /* MessagingExercise.app */;
			productType = "com.apple.product-type.application";
		};
		02BDD58C2A938F8D00B5A40B /* MessagingExerciseTests */ = {
			isa = PBXNativeTarget;
			buildConfigurationList = 02BDD5A42A938F8D00B5A40B /* Build configuration list for PBXNativeTarget "MessagingExerciseTests" */;
			buildPhases = (
				02BDD5892A938F8D00B5A40B /* Sources */,
				02BDD58A2A938F8D00B5A40B /* Frameworks */,
				02BDD58B2A938F8D00B5A40B /* Resources */,
			);
			buildRules = (
			);
			dependencies = (
				02BDD58F2A938F8D00B5A40B /* PBXTargetDependency */,
			);
			name = MessagingExerciseTests;
			packageProductDependencies = (
				029218E62A9ABA3300B0F355 /* RealmSwift */,
			);
			productName = MessagingExerciseTests;
			productReference = 02BDD58D2A938F8D00B5A40B /* MessagingExerciseTests.xctest */;
			productType = "com.apple.product-type.bundle.unit-test";
		};
/* End PBXNativeTarget section */

/* Begin PBXProject section */
		02BDD5752A938F8C00B5A40B /* Project object */ = {
			isa = PBXProject;
			attributes = {
				BuildIndependentTargetsInParallel = 1;
				LastSwiftUpdateCheck = 1430;
				LastUpgradeCheck = 1430;
				TargetAttributes = {
					02BDD57C2A938F8C00B5A40B = {
						CreatedOnToolsVersion = 14.3.1;
					};
					02BDD58C2A938F8D00B5A40B = {
						CreatedOnToolsVersion = 14.3.1;
						TestTargetID = 02BDD57C2A938F8C00B5A40B;
					};
				};
			};
			buildConfigurationList = 02BDD5782A938F8C00B5A40B /* Build configuration list for PBXProject "MessagingExercise" */;
			compatibilityVersion = "Xcode 14.0";
			developmentRegion = en;
			hasScannedForEncodings = 0;
			knownRegions = (
				en,
				Base,
			);
			mainGroup = 02BDD5742A938F8C00B5A40B;
			packageReferences = (
				02BDD5AA2A9392D500B5A40B /* XCRemoteSwiftPackageReference "realm-swift" */,
			);
			productRefGroup = 02BDD57E2A938F8C00B5A40B /* Products */;
			projectDirPath = "";
			projectRoot = "";
			targets = (
				02BDD57C2A938F8C00B5A40B /* MessagingExercise */,
				02BDD58C2A938F8D00B5A40B /* MessagingExerciseTests */,
			);
		};
/* End PBXProject section */

/* Begin PBXResourcesBuildPhase section */
		02BDD57B2A938F8C00B5A40B /* Resources */ = {
			isa = PBXResourcesBuildPhase;
			buildActionMask = 2147483647;
			files = (
				02BDD5882A938F8D00B5A40B /* Preview Assets.xcassets in Resources */,
				02BDD5852A938F8D00B5A40B /* Assets.xcassets in Resources */,
			);
			runOnlyForDeploymentPostprocessing = 0;
		};
		02BDD58B2A938F8D00B5A40B /* Resources */ = {
			isa = PBXResourcesBuildPhase;
			buildActionMask = 2147483647;
			files = (
			);
			runOnlyForDeploymentPostprocessing = 0;
		};
/* End PBXResourcesBuildPhase section */

/* Begin PBXSourcesBuildPhase section */
		02BDD5792A938F8C00B5A40B /* Sources */ = {
			isa = PBXSourcesBuildPhase;
			buildActionMask = 2147483647;
			files = (
				9C60B9592A93F7F600C76A37 /* MessagingHeaderViewModel.swift in Sources */,
				9C323BE92A9A7B3B00F79E43 /* ProfileView.swift in Sources */,
				02FD8DA02A94FF680067791C /* Constants.swift in Sources */,
				028BB9D12A94B6EA00E46C79 /* Color+Ext.swift in Sources */,
				028A0DFD2A9397E500116857 /* MockingService.swift in Sources */,
				02BDD5812A938F8C00B5A40B /* MessagingExerciseApp.swift in Sources */,
				028A0E062A93C57B00116857 /* MEButton.swift in Sources */,
				9C60B95C2A93F9F600C76A37 /* ProfileImageView.swift in Sources */,
				028A0E032A93BF9C00116857 /* LandingViewModel.swift in Sources */,
				9C323BE22A9A6DFD00F79E43 /* ComposeMessageView.swift in Sources */,
				9C323BE72A9A7AF800F79E43 /* ProfileViewModel.swift in Sources */,
				028A0E012A93BF8F00116857 /* LandingView.swift in Sources */,
				028A0DFF2A93985A00116857 /* DatabaseManager.swift in Sources */,
				028A0DFA2A9394AD00116857 /* Message.swift in Sources */,
				9C323BE42A9A6E1100F79E43 /* ComposeMessageViewModel.swift in Sources */,
				02FD8DA22A94FFF80067791C /* View+Ext.swift in Sources */,
				9C60B9532A93EBCE00C76A37 /* MessagingViewModel.swift in Sources */,
				028BB9D92A94E5B700E46C79 /* ChatView.swift in Sources */,
				028A0DF82A93949300116857 /* Profile.swift in Sources */,
				02FD8D9B2A94F57F0067791C /* ChatMessageViewModel.swift in Sources */,
				02FD8D9D2A94FDBA0067791C /* String+Ext.swift in Sources */,
				028A0DF62A93945000116857 /* MessagingView.swift in Sources */,
				028BB9D42A94CB5B00E46C79 /* SectionSelectionView.swift in Sources */,
				028BB9DB2A94E5C100E46C79 /* ChatViewModel.swift in Sources */,
				9C60B9572A93F7B600C76A37 /* MessagingHeaderView.swift in Sources */,
				02FD8D982A94F5040067791C /* ChatMessageView.swift in Sources */,
			);
			runOnlyForDeploymentPostprocessing = 0;
		};
		02BDD5892A938F8D00B5A40B /* Sources */ = {
			isa = PBXSourcesBuildPhase;
			buildActionMask = 2147483647;
			files = (
				029218E92A9AC02000B0F355 /* DatabaseManagerTests.swift in Sources */,
				02BDD5922A938F8D00B5A40B /* StringExtensionTests.swift in Sources */,
			);
			runOnlyForDeploymentPostprocessing = 0;
		};
/* End PBXSourcesBuildPhase section */

/* Begin PBXTargetDependency section */
		02BDD58F2A938F8D00B5A40B /* PBXTargetDependency */ = {
			isa = PBXTargetDependency;
			target = 02BDD57C2A938F8C00B5A40B /* MessagingExercise */;
			targetProxy = 02BDD58E2A938F8D00B5A40B /* PBXContainerItemProxy */;
		};
/* End PBXTargetDependency section */

/* Begin XCBuildConfiguration section */
		02BDD59F2A938F8D00B5A40B /* Debug */ = {
			isa = XCBuildConfiguration;
			buildSettings = {
				ALWAYS_SEARCH_USER_PATHS = NO;
				CLANG_ANALYZER_NONNULL = YES;
				CLANG_ANALYZER_NUMBER_OBJECT_CONVERSION = YES_AGGRESSIVE;
				CLANG_CXX_LANGUAGE_STANDARD = "gnu++20";
				CLANG_ENABLE_MODULES = YES;
				CLANG_ENABLE_OBJC_ARC = YES;
				CLANG_ENABLE_OBJC_WEAK = YES;
				CLANG_WARN_BLOCK_CAPTURE_AUTORELEASING = YES;
				CLANG_WARN_BOOL_CONVERSION = YES;
				CLANG_WARN_COMMA = YES;
				CLANG_WARN_CONSTANT_CONVERSION = YES;
				CLANG_WARN_DEPRECATED_OBJC_IMPLEMENTATIONS = YES;
				CLANG_WARN_DIRECT_OBJC_ISA_USAGE = YES_ERROR;
				CLANG_WARN_DOCUMENTATION_COMMENTS = YES;
				CLANG_WARN_EMPTY_BODY = YES;
				CLANG_WARN_ENUM_CONVERSION = YES;
				CLANG_WARN_INFINITE_RECURSION = YES;
				CLANG_WARN_INT_CONVERSION = YES;
				CLANG_WARN_NON_LITERAL_NULL_CONVERSION = YES;
				CLANG_WARN_OBJC_IMPLICIT_RETAIN_SELF = YES;
				CLANG_WARN_OBJC_LITERAL_CONVERSION = YES;
				CLANG_WARN_OBJC_ROOT_CLASS = YES_ERROR;
				CLANG_WARN_QUOTED_INCLUDE_IN_FRAMEWORK_HEADER = YES;
				CLANG_WARN_RANGE_LOOP_ANALYSIS = YES;
				CLANG_WARN_STRICT_PROTOTYPES = YES;
				CLANG_WARN_SUSPICIOUS_MOVE = YES;
				CLANG_WARN_UNGUARDED_AVAILABILITY = YES_AGGRESSIVE;
				CLANG_WARN_UNREACHABLE_CODE = YES;
				CLANG_WARN__DUPLICATE_METHOD_MATCH = YES;
				COPY_PHASE_STRIP = NO;
				DEBUG_INFORMATION_FORMAT = dwarf;
				ENABLE_STRICT_OBJC_MSGSEND = YES;
				ENABLE_TESTABILITY = YES;
				GCC_C_LANGUAGE_STANDARD = gnu11;
				GCC_DYNAMIC_NO_PIC = NO;
				GCC_NO_COMMON_BLOCKS = YES;
				GCC_OPTIMIZATION_LEVEL = 0;
				GCC_PREPROCESSOR_DEFINITIONS = (
					"DEBUG=1",
					"$(inherited)",
				);
				GCC_WARN_64_TO_32_BIT_CONVERSION = YES;
				GCC_WARN_ABOUT_RETURN_TYPE = YES_ERROR;
				GCC_WARN_UNDECLARED_SELECTOR = YES;
				GCC_WARN_UNINITIALIZED_AUTOS = YES_AGGRESSIVE;
				GCC_WARN_UNUSED_FUNCTION = YES;
				GCC_WARN_UNUSED_VARIABLE = YES;
				IPHONEOS_DEPLOYMENT_TARGET = 16.4;
				MTL_ENABLE_DEBUG_INFO = INCLUDE_SOURCE;
				MTL_FAST_MATH = YES;
				ONLY_ACTIVE_ARCH = YES;
				SDKROOT = iphoneos;
				SWIFT_ACTIVE_COMPILATION_CONDITIONS = DEBUG;
				SWIFT_OPTIMIZATION_LEVEL = "-Onone";
			};
			name = Debug;
		};
		02BDD5A02A938F8D00B5A40B /* Release */ = {
			isa = XCBuildConfiguration;
			buildSettings = {
				ALWAYS_SEARCH_USER_PATHS = NO;
				CLANG_ANALYZER_NONNULL = YES;
				CLANG_ANALYZER_NUMBER_OBJECT_CONVERSION = YES_AGGRESSIVE;
				CLANG_CXX_LANGUAGE_STANDARD = "gnu++20";
				CLANG_ENABLE_MODULES = YES;
				CLANG_ENABLE_OBJC_ARC = YES;
				CLANG_ENABLE_OBJC_WEAK = YES;
				CLANG_WARN_BLOCK_CAPTURE_AUTORELEASING = YES;
				CLANG_WARN_BOOL_CONVERSION = YES;
				CLANG_WARN_COMMA = YES;
				CLANG_WARN_CONSTANT_CONVERSION = YES;
				CLANG_WARN_DEPRECATED_OBJC_IMPLEMENTATIONS = YES;
				CLANG_WARN_DIRECT_OBJC_ISA_USAGE = YES_ERROR;
				CLANG_WARN_DOCUMENTATION_COMMENTS = YES;
				CLANG_WARN_EMPTY_BODY = YES;
				CLANG_WARN_ENUM_CONVERSION = YES;
				CLANG_WARN_INFINITE_RECURSION = YES;
				CLANG_WARN_INT_CONVERSION = YES;
				CLANG_WARN_NON_LITERAL_NULL_CONVERSION = YES;
				CLANG_WARN_OBJC_IMPLICIT_RETAIN_SELF = YES;
				CLANG_WARN_OBJC_LITERAL_CONVERSION = YES;
				CLANG_WARN_OBJC_ROOT_CLASS = YES_ERROR;
				CLANG_WARN_QUOTED_INCLUDE_IN_FRAMEWORK_HEADER = YES;
				CLANG_WARN_RANGE_LOOP_ANALYSIS = YES;
				CLANG_WARN_STRICT_PROTOTYPES = YES;
				CLANG_WARN_SUSPICIOUS_MOVE = YES;
				CLANG_WARN_UNGUARDED_AVAILABILITY = YES_AGGRESSIVE;
				CLANG_WARN_UNREACHABLE_CODE = YES;
				CLANG_WARN__DUPLICATE_METHOD_MATCH = YES;
				COPY_PHASE_STRIP = NO;
				DEBUG_INFORMATION_FORMAT = "dwarf-with-dsym";
				ENABLE_NS_ASSERTIONS = NO;
				ENABLE_STRICT_OBJC_MSGSEND = YES;
				GCC_C_LANGUAGE_STANDARD = gnu11;
				GCC_NO_COMMON_BLOCKS = YES;
				GCC_WARN_64_TO_32_BIT_CONVERSION = YES;
				GCC_WARN_ABOUT_RETURN_TYPE = YES_ERROR;
				GCC_WARN_UNDECLARED_SELECTOR = YES;
				GCC_WARN_UNINITIALIZED_AUTOS = YES_AGGRESSIVE;
				GCC_WARN_UNUSED_FUNCTION = YES;
				GCC_WARN_UNUSED_VARIABLE = YES;
				IPHONEOS_DEPLOYMENT_TARGET = 16.4;
				MTL_ENABLE_DEBUG_INFO = NO;
				MTL_FAST_MATH = YES;
				SDKROOT = iphoneos;
				SWIFT_COMPILATION_MODE = wholemodule;
				SWIFT_OPTIMIZATION_LEVEL = "-O";
				VALIDATE_PRODUCT = YES;
			};
			name = Release;
		};
		02BDD5A22A938F8D00B5A40B /* Debug */ = {
			isa = XCBuildConfiguration;
			buildSettings = {
				ASSETCATALOG_COMPILER_APPICON_NAME = AppIcon;
				ASSETCATALOG_COMPILER_GLOBAL_ACCENT_COLOR_NAME = AccentColor;
				CODE_SIGN_STYLE = Automatic;
				CURRENT_PROJECT_VERSION = 1;
				DEVELOPMENT_ASSET_PATHS = "\"MessagingExercise/Preview Content\"";
				ENABLE_PREVIEWS = YES;
				GENERATE_INFOPLIST_FILE = YES;
				INFOPLIST_KEY_UIApplicationSceneManifest_Generation = YES;
				INFOPLIST_KEY_UIApplicationSupportsIndirectInputEvents = YES;
				INFOPLIST_KEY_UILaunchScreen_Generation = YES;
				INFOPLIST_KEY_UISupportedInterfaceOrientations_iPad = "UIInterfaceOrientationPortrait UIInterfaceOrientationPortraitUpsideDown UIInterfaceOrientationLandscapeLeft UIInterfaceOrientationLandscapeRight";
				INFOPLIST_KEY_UISupportedInterfaceOrientations_iPhone = "UIInterfaceOrientationPortrait UIInterfaceOrientationLandscapeLeft UIInterfaceOrientationLandscapeRight";
				LD_RUNPATH_SEARCH_PATHS = (
					"$(inherited)",
					"@executable_path/Frameworks",
				);
				MARKETING_VERSION = 1.0;
				PRODUCT_BUNDLE_IDENTIFIER = com.quinnium.MessagingExercise;
				PRODUCT_NAME = "$(TARGET_NAME)";
				SUPPORTED_PLATFORMS = "iphoneos iphonesimulator";
				SUPPORTS_MACCATALYST = NO;
				SUPPORTS_MAC_DESIGNED_FOR_IPHONE_IPAD = NO;
				SWIFT_EMIT_LOC_STRINGS = YES;
				SWIFT_VERSION = 5.0;
				TARGETED_DEVICE_FAMILY = "1,2";
			};
			name = Debug;
		};
		02BDD5A32A938F8D00B5A40B /* Release */ = {
			isa = XCBuildConfiguration;
			buildSettings = {
				ASSETCATALOG_COMPILER_APPICON_NAME = AppIcon;
				ASSETCATALOG_COMPILER_GLOBAL_ACCENT_COLOR_NAME = AccentColor;
				CODE_SIGN_STYLE = Automatic;
				CURRENT_PROJECT_VERSION = 1;
				DEVELOPMENT_ASSET_PATHS = "\"MessagingExercise/Preview Content\"";
				ENABLE_PREVIEWS = YES;
				GENERATE_INFOPLIST_FILE = YES;
				INFOPLIST_KEY_UIApplicationSceneManifest_Generation = YES;
				INFOPLIST_KEY_UIApplicationSupportsIndirectInputEvents = YES;
				INFOPLIST_KEY_UILaunchScreen_Generation = YES;
				INFOPLIST_KEY_UISupportedInterfaceOrientations_iPad = "UIInterfaceOrientationPortrait UIInterfaceOrientationPortraitUpsideDown UIInterfaceOrientationLandscapeLeft UIInterfaceOrientationLandscapeRight";
				INFOPLIST_KEY_UISupportedInterfaceOrientations_iPhone = "UIInterfaceOrientationPortrait UIInterfaceOrientationLandscapeLeft UIInterfaceOrientationLandscapeRight";
				LD_RUNPATH_SEARCH_PATHS = (
					"$(inherited)",
					"@executable_path/Frameworks",
				);
				MARKETING_VERSION = 1.0;
				PRODUCT_BUNDLE_IDENTIFIER = com.quinnium.MessagingExercise;
				PRODUCT_NAME = "$(TARGET_NAME)";
				SUPPORTED_PLATFORMS = "iphoneos iphonesimulator";
				SUPPORTS_MACCATALYST = NO;
				SUPPORTS_MAC_DESIGNED_FOR_IPHONE_IPAD = NO;
				SWIFT_EMIT_LOC_STRINGS = YES;
				SWIFT_VERSION = 5.0;
				TARGETED_DEVICE_FAMILY = "1,2";
			};
			name = Release;
		};
		02BDD5A52A938F8D00B5A40B /* Debug */ = {
			isa = XCBuildConfiguration;
			buildSettings = {
				ALWAYS_EMBED_SWIFT_STANDARD_LIBRARIES = YES;
				BUNDLE_LOADER = "$(TEST_HOST)";
				CODE_SIGN_STYLE = Automatic;
				CURRENT_PROJECT_VERSION = 1;
				GENERATE_INFOPLIST_FILE = YES;
				IPHONEOS_DEPLOYMENT_TARGET = 16.4;
				MARKETING_VERSION = 1.0;
				PRODUCT_BUNDLE_IDENTIFIER = com.quinnium.MessagingExerciseTests;
				PRODUCT_NAME = "$(TARGET_NAME)";
				SWIFT_EMIT_LOC_STRINGS = NO;
				SWIFT_VERSION = 5.0;
				TARGETED_DEVICE_FAMILY = "1,2";
				TEST_HOST = "$(BUILT_PRODUCTS_DIR)/MessagingExercise.app/$(BUNDLE_EXECUTABLE_FOLDER_PATH)/MessagingExercise";
			};
			name = Debug;
		};
		02BDD5A62A938F8D00B5A40B /* Release */ = {
			isa = XCBuildConfiguration;
			buildSettings = {
				ALWAYS_EMBED_SWIFT_STANDARD_LIBRARIES = YES;
				BUNDLE_LOADER = "$(TEST_HOST)";
				CODE_SIGN_STYLE = Automatic;
				CURRENT_PROJECT_VERSION = 1;
				GENERATE_INFOPLIST_FILE = YES;
				IPHONEOS_DEPLOYMENT_TARGET = 16.4;
				MARKETING_VERSION = 1.0;
				PRODUCT_BUNDLE_IDENTIFIER = com.quinnium.MessagingExerciseTests;
				PRODUCT_NAME = "$(TARGET_NAME)";
				SWIFT_EMIT_LOC_STRINGS = NO;
				SWIFT_VERSION = 5.0;
				TARGETED_DEVICE_FAMILY = "1,2";
				TEST_HOST = "$(BUILT_PRODUCTS_DIR)/MessagingExercise.app/$(BUNDLE_EXECUTABLE_FOLDER_PATH)/MessagingExercise";
			};
			name = Release;
		};
/* End XCBuildConfiguration section */

/* Begin XCConfigurationList section */
		02BDD5782A938F8C00B5A40B /* Build configuration list for PBXProject "MessagingExercise" */ = {
			isa = XCConfigurationList;
			buildConfigurations = (
				02BDD59F2A938F8D00B5A40B /* Debug */,
				02BDD5A02A938F8D00B5A40B /* Release */,
			);
			defaultConfigurationIsVisible = 0;
			defaultConfigurationName = Release;
		};
		02BDD5A12A938F8D00B5A40B /* Build configuration list for PBXNativeTarget "MessagingExercise" */ = {
			isa = XCConfigurationList;
			buildConfigurations = (
				02BDD5A22A938F8D00B5A40B /* Debug */,
				02BDD5A32A938F8D00B5A40B /* Release */,
			);
			defaultConfigurationIsVisible = 0;
			defaultConfigurationName = Release;
		};
		02BDD5A42A938F8D00B5A40B /* Build configuration list for PBXNativeTarget "MessagingExerciseTests" */ = {
			isa = XCConfigurationList;
			buildConfigurations = (
				02BDD5A52A938F8D00B5A40B /* Debug */,
				02BDD5A62A938F8D00B5A40B /* Release */,
			);
			defaultConfigurationIsVisible = 0;
			defaultConfigurationName = Release;
		};
/* End XCConfigurationList section */

/* Begin XCRemoteSwiftPackageReference section */
		02BDD5AA2A9392D500B5A40B /* XCRemoteSwiftPackageReference "realm-swift" */ = {
			isa = XCRemoteSwiftPackageReference;
			repositoryURL = "https://github.com/realm/realm-swift";
			requirement = {
				kind = exactVersion;
				version = 10.42.0;
			};
		};
/* End XCRemoteSwiftPackageReference section */

/* Begin XCSwiftPackageProductDependency section */
		029218E62A9ABA3300B0F355 /* RealmSwift */ = {
			isa = XCSwiftPackageProductDependency;
			package = 02BDD5AA2A9392D500B5A40B /* XCRemoteSwiftPackageReference "realm-swift" */;
			productName = RealmSwift;
		};
		02BDD5AB2A9392D500B5A40B /* Realm */ = {
			isa = XCSwiftPackageProductDependency;
			package = 02BDD5AA2A9392D500B5A40B /* XCRemoteSwiftPackageReference "realm-swift" */;
			productName = Realm;
		};
		02BDD5AD2A9392D500B5A40B /* RealmSwift */ = {
			isa = XCSwiftPackageProductDependency;
			package = 02BDD5AA2A9392D500B5A40B /* XCRemoteSwiftPackageReference "realm-swift" */;
			productName = RealmSwift;
		};
/* End XCSwiftPackageProductDependency section */
	};
	rootObject = 02BDD5752A938F8C00B5A40B /* Project object */;
}
